
Microsoft Visual Studio Solution File, Format Version 12.00
# Visual Studio 15
VisualStudioVersion = 15.0.27004.2002
MinimumVisualStudioVersion = 10.0.40219.1
Project("{2150E333-8FDC-42A3-9474-1A3956D46DE8}") = "Jupiter.Europa", "Jupiter.Europa", "{2275AA7D-018C-4262-AE95-69040B1773CE}"
EndProject
Project("{2150E333-8FDC-42A3-9474-1A3956D46DE8}") = ".Solution Items", ".Solution Items", "{D3CD01A2-5EEE-45BF-BB42-D84EEA9F806D}"
	ProjectSection(SolutionItems) = preProject
		BackLog.txt = BackLog.txt
	EndProjectSection
EndProject
Project("{2150E333-8FDC-42A3-9474-1A3956D46DE8}") = "Jupiter", "Jupiter", "{D9DFA5E3-B90E-4757-A97E-C32C6A527637}"
EndProject
Project("{9A19103F-16F7-4668-BE54-9A1E7A4F7556}") = "Axis.Jupiter", "Axis.Jupiter\Axis.Jupiter.csproj", "{569129E0-3BE9-430F-8B23-0539D64B89FB}"
EndProject
Project("{9A19103F-16F7-4668-BE54-9A1E7A4F7556}") = "Axis.Jupiter.EFCore", "Axis.Jupiter.EFCore\Axis.Jupiter.EFCore.csproj", "{EE74CD57-D04F-46CD-A6C4-1E1BA9C753D8}"
EndProject
Project("{2150E333-8FDC-42A3-9474-1A3956D46DE8}") = "Jupiter.Elara", "Jupiter.Elara", "{691B9794-1C15-44A0-8B3F-4543A12929BC}"
EndProject
Project("{9A19103F-16F7-4668-BE54-9A1E7A4F7556}") = "Axis.Jupiter.Mongo", "Axis.Jupiter.Mongo\Axis.Jupiter.Mongo.csproj", "{0E10B1BA-11F6-47E7-B856-59511FE4DDE8}"
EndProject
Project("{2150E333-8FDC-42A3-9474-1A3956D46DE8}") = "Jupiter.Io", "Jupiter.Io", "{4FC61F20-023C-437A-AE99-D534B9FC58CD}"
EndProject
Project("{9A19103F-16F7-4668-BE54-9A1E7A4F7556}") = "Axis.Jupiter.Neo4J", "Axis.Jupiter.Neo4J\Axis.Jupiter.Neo4J.csproj", "{8DDC8C18-F2ED-4270-A63C-359C8883A7DC}"
EndProject
Project("{2150E333-8FDC-42A3-9474-1A3956D46DE8}") = "Jupiter.Callisto", "Jupiter.Callisto", "{D20C4B66-C3AA-423D-9209-ECDDA196E41F}"
EndProject
Project("{9A19103F-16F7-4668-BE54-9A1E7A4F7556}") = "Axis.Jupiter.CassandraDB", "Axis.Jupiter.CassandraDB\Axis.Jupiter.CassandraDB.csproj", "{38B76616-297F-4FBD-AAD3-F6231EDFE611}"
EndProject
Project("{9A19103F-16F7-4668-BE54-9A1E7A4F7556}") = "Axis.Jupiter.Tests", "Axis.Jupiter.Tests\Axis.Jupiter.Tests.csproj", "{1ED1E615-28E3-4780-A466-1DEA34618615}"
EndProject
Project("{9A19103F-16F7-4668-BE54-9A1E7A4F7556}") = "Axis.Jupiter.CassandraDB.Tests", "Axis.Jupiter.CassandraDB.Tests\Axis.Jupiter.CassandraDB.Tests.csproj", "{3EFA94FA-A041-498A-9433-0DE5A94A0C4D}"
EndProject
Project("{9A19103F-16F7-4668-BE54-9A1E7A4F7556}") = "Axis.Jupiter.Mongo.Tests", "Axis.Jupiter.Mongo.Tests\Axis.Jupiter.Mongo.Tests.csproj", "{3B8EEBD4-1399-4CBC-A2AD-A4F885952ED3}"
EndProject
Project("{9A19103F-16F7-4668-BE54-9A1E7A4F7556}") = "Axis.Jupiter.EFCore.Tests", "Axis.Jupiter.EFCore.Tests\Axis.Jupiter.EFCore.Tests.csproj", "{C7D50B36-48D8-448B-BF84-B375FD7907BE}"
EndProject
Project("{9A19103F-16F7-4668-BE54-9A1E7A4F7556}") = "Axis.Jupiter.New4J.Tests", "Axis.Jupiter.New4J.Tests\Axis.Jupiter.New4J.Tests.csproj", "{918E7980-0616-46E9-A223-4457802A1F8F}"
EndProject
Project("{2150E333-8FDC-42A3-9474-1A3956D46DE8}") = "Jupiter.Thebe", "Jupiter.Thebe", "{042C9FF2-BFEB-46A4-96E9-25917495CEF6}"
EndProject
Project("{FAE04EC0-301F-11D3-BF4B-00C04F79EFBC}") = "Axis.Jupiter.CouchDb", "Axis.Jupiter.CouchDb\Axis.Jupiter.CouchDb.csproj", "{A06DF8DA-E021-49C3-9498-AFBC79F81E69}"
EndProject
Project("{FAE04EC0-301F-11D3-BF4B-00C04F79EFBC}") = "Axis.Jupiter.CouchDb.Tests", "Axis.Jupiter.CouchDb.Tests\Axis.Jupiter.CouchDb.Tests.csproj", "{4017C531-F54A-44C2-A1E2-5AA4A3AF5D03}"
EndProject
Project("{FAE04EC0-301F-11D3-BF4B-00C04F79EFBC}") = "Axis.Jupiter.EFCore.Console", "Axis.Jupiter.EFCore.Console\Axis.Jupiter.EFCore.Console.csproj", "{1CC13733-3271-41E5-93E1-73FDB99DD4CD}"
EndProject
Global
	GlobalSection(SolutionConfigurationPlatforms) = preSolution
		Debug|Any CPU = Debug|Any CPU
		Release|Any CPU = Release|Any CPU
	EndGlobalSection
	GlobalSection(ProjectConfigurationPlatforms) = postSolution
		{569129E0-3BE9-430F-8B23-0539D64B89FB}.Debug|Any CPU.ActiveCfg = Debug|Any CPU
		{569129E0-3BE9-430F-8B23-0539D64B89FB}.Debug|Any CPU.Build.0 = Debug|Any CPU
		{569129E0-3BE9-430F-8B23-0539D64B89FB}.Release|Any CPU.ActiveCfg = Release|Any CPU
		{569129E0-3BE9-430F-8B23-0539D64B89FB}.Release|Any CPU.Build.0 = Release|Any CPU
		{EE74CD57-D04F-46CD-A6C4-1E1BA9C753D8}.Debug|Any CPU.ActiveCfg = Debug|Any CPU
		{EE74CD57-D04F-46CD-A6C4-1E1BA9C753D8}.Debug|Any CPU.Build.0 = Debug|Any CPU
		{EE74CD57-D04F-46CD-A6C4-1E1BA9C753D8}.Release|Any CPU.ActiveCfg = Release|Any CPU
		{EE74CD57-D04F-46CD-A6C4-1E1BA9C753D8}.Release|Any CPU.Build.0 = Release|Any CPU
		{0E10B1BA-11F6-47E7-B856-59511FE4DDE8}.Debug|Any CPU.ActiveCfg = Debug|Any CPU
		{0E10B1BA-11F6-47E7-B856-59511FE4DDE8}.Debug|Any CPU.Build.0 = Debug|Any CPU
		{0E10B1BA-11F6-47E7-B856-59511FE4DDE8}.Release|Any CPU.ActiveCfg = Release|Any CPU
		{0E10B1BA-11F6-47E7-B856-59511FE4DDE8}.Release|Any CPU.Build.0 = Release|Any CPU
		{8DDC8C18-F2ED-4270-A63C-359C8883A7DC}.Debug|Any CPU.ActiveCfg = Debug|Any CPU
		{8DDC8C18-F2ED-4270-A63C-359C8883A7DC}.Debug|Any CPU.Build.0 = Debug|Any CPU
		{8DDC8C18-F2ED-4270-A63C-359C8883A7DC}.Release|Any CPU.ActiveCfg = Release|Any CPU
		{8DDC8C18-F2ED-4270-A63C-359C8883A7DC}.Release|Any CPU.Build.0 = Release|Any CPU
		{38B76616-297F-4FBD-AAD3-F6231EDFE611}.Debug|Any CPU.ActiveCfg = Debug|Any CPU
		{38B76616-297F-4FBD-AAD3-F6231EDFE611}.Debug|Any CPU.Build.0 = Debug|Any CPU
		{38B76616-297F-4FBD-AAD3-F6231EDFE611}.Release|Any CPU.ActiveCfg = Release|Any CPU
		{38B76616-297F-4FBD-AAD3-F6231EDFE611}.Release|Any CPU.Build.0 = Release|Any CPU
		{1ED1E615-28E3-4780-A466-1DEA34618615}.Debug|Any CPU.ActiveCfg = Debug|Any CPU
		{1ED1E615-28E3-4780-A466-1DEA34618615}.Debug|Any CPU.Build.0 = Debug|Any CPU
		{1ED1E615-28E3-4780-A466-1DEA34618615}.Release|Any CPU.ActiveCfg = Release|Any CPU
		{1ED1E615-28E3-4780-A466-1DEA34618615}.Release|Any CPU.Build.0 = Release|Any CPU
		{3EFA94FA-A041-498A-9433-0DE5A94A0C4D}.Debug|Any CPU.ActiveCfg = Debug|Any CPU
		{3EFA94FA-A041-498A-9433-0DE5A94A0C4D}.Debug|Any CPU.Build.0 = Debug|Any CPU
		{3EFA94FA-A041-498A-9433-0DE5A94A0C4D}.Release|Any CPU.ActiveCfg = Release|Any CPU
		{3EFA94FA-A041-498A-9433-0DE5A94A0C4D}.Release|Any CPU.Build.0 = Release|Any CPU
		{3B8EEBD4-1399-4CBC-A2AD-A4F885952ED3}.Debug|Any CPU.ActiveCfg = Debug|Any CPU
		{3B8EEBD4-1399-4CBC-A2AD-A4F885952ED3}.Debug|Any CPU.Build.0 = Debug|Any CPU
		{3B8EEBD4-1399-4CBC-A2AD-A4F885952ED3}.Release|Any CPU.ActiveCfg = Release|Any CPU
		{3B8EEBD4-1399-4CBC-A2AD-A4F885952ED3}.Release|Any CPU.Build.0 = Release|Any CPU
		{C7D50B36-48D8-448B-BF84-B375FD7907BE}.Debug|Any CPU.ActiveCfg = Debug|Any CPU
		{C7D50B36-48D8-448B-BF84-B375FD7907BE}.Debug|Any CPU.Build.0 = Debug|Any CPU
		{C7D50B36-48D8-448B-BF84-B375FD7907BE}.Release|Any CPU.ActiveCfg = Release|Any CPU
		{C7D50B36-48D8-448B-BF84-B375FD7907BE}.Release|Any CPU.Build.0 = Release|Any CPU
		{918E7980-0616-46E9-A223-4457802A1F8F}.Debug|Any CPU.ActiveCfg = Debug|Any CPU
		{918E7980-0616-46E9-A223-4457802A1F8F}.Debug|Any CPU.Build.0 = Debug|Any CPU
		{918E7980-0616-46E9-A223-4457802A1F8F}.Release|Any CPU.ActiveCfg = Release|Any CPU
		{918E7980-0616-46E9-A223-4457802A1F8F}.Release|Any CPU.Build.0 = Release|Any CPU
		{A06DF8DA-E021-49C3-9498-AFBC79F81E69}.Debug|Any CPU.ActiveCfg = Debug|Any CPU
		{A06DF8DA-E021-49C3-9498-AFBC79F81E69}.Debug|Any CPU.Build.0 = Debug|Any CPU
		{A06DF8DA-E021-49C3-9498-AFBC79F81E69}.Release|Any CPU.ActiveCfg = Release|Any CPU
		{A06DF8DA-E021-49C3-9498-AFBC79F81E69}.Release|Any CPU.Build.0 = Release|Any CPU
		{4017C531-F54A-44C2-A1E2-5AA4A3AF5D03}.Debug|Any CPU.ActiveCfg = Debug|Any CPU
		{4017C531-F54A-44C2-A1E2-5AA4A3AF5D03}.Debug|Any CPU.Build.0 = Debug|Any CPU
		{4017C531-F54A-44C2-A1E2-5AA4A3AF5D03}.Release|Any CPU.ActiveCfg = Release|Any CPU
		{4017C531-F54A-44C2-A1E2-5AA4A3AF5D03}.Release|Any CPU.Build.0 = Release|Any CPU
		{1CC13733-3271-41E5-93E1-73FDB99DD4CD}.Debug|Any CPU.ActiveCfg = Debug|Any CPU
		{1CC13733-3271-41E5-93E1-73FDB99DD4CD}.Debug|Any CPU.Build.0 = Debug|Any CPU
		{1CC13733-3271-41E5-93E1-73FDB99DD4CD}.Release|Any CPU.ActiveCfg = Release|Any CPU
		{1CC13733-3271-41E5-93E1-73FDB99DD4CD}.Release|Any CPU.Build.0 = Release|Any CPU
	EndGlobalSection
	GlobalSection(SolutionProperties) = preSolution
		HideSolutionNode = FALSE
	EndGlobalSection
	GlobalSection(NestedProjects) = preSolution
		{569129E0-3BE9-430F-8B23-0539D64B89FB} = {D9DFA5E3-B90E-4757-A97E-C32C6A527637}
		{EE74CD57-D04F-46CD-A6C4-1E1BA9C753D8} = {2275AA7D-018C-4262-AE95-69040B1773CE}
		{0E10B1BA-11F6-47E7-B856-59511FE4DDE8} = {691B9794-1C15-44A0-8B3F-4543A12929BC}
		{8DDC8C18-F2ED-4270-A63C-359C8883A7DC} = {4FC61F20-023C-437A-AE99-D534B9FC58CD}
		{38B76616-297F-4FBD-AAD3-F6231EDFE611} = {D20C4B66-C3AA-423D-9209-ECDDA196E41F}
		{1ED1E615-28E3-4780-A466-1DEA34618615} = {D9DFA5E3-B90E-4757-A97E-C32C6A527637}
		{3EFA94FA-A041-498A-9433-0DE5A94A0C4D} = {D20C4B66-C3AA-423D-9209-ECDDA196E41F}
		{3B8EEBD4-1399-4CBC-A2AD-A4F885952ED3} = {691B9794-1C15-44A0-8B3F-4543A12929BC}
		{C7D50B36-48D8-448B-BF84-B375FD7907BE} = {2275AA7D-018C-4262-AE95-69040B1773CE}
		{918E7980-0616-46E9-A223-4457802A1F8F} = {4FC61F20-023C-437A-AE99-D534B9FC58CD}
		{A06DF8DA-E021-49C3-9498-AFBC79F81E69} = {042C9FF2-BFEB-46A4-96E9-25917495CEF6}
		{4017C531-F54A-44C2-A1E2-5AA4A3AF5D03} = {042C9FF2-BFEB-46A4-96E9-25917495CEF6}
		{1CC13733-3271-41E5-93E1-73FDB99DD4CD} = {2275AA7D-018C-4262-AE95-69040B1773CE}
	EndGlobalSection
	GlobalSection(ExtensibilityGlobals) = postSolution
		SolutionGuid = {9F0B5B2A-2E7C-433F-A523-B5A8D60C2C28}
	EndGlobalSection
EndGlobal
