
Microsoft Visual Studio Solution File, Format Version 12.00
# Visual Studio 15
VisualStudioVersion = 15.0.28307.539
MinimumVisualStudioVersion = 10.0.40219.1
Project("{9A19103F-16F7-4668-BE54-9A1E7A4F7556}") = "Axis.Jupiter", "Axis.Jupiter\Axis.Jupiter.csproj", "{3B345FD5-6046-45D1-9280-28DA01D6EC4D}"
EndProject
Project("{9A19103F-16F7-4668-BE54-9A1E7A4F7556}") = "Axis.Jupiter.CassandraDB", "Axis.Jupiter.CassandraDB\Axis.Jupiter.CassandraDB.csproj", "{CE5FB092-5C81-4A66-A0D8-E05B52EB91F5}"
EndProject
Project("{9A19103F-16F7-4668-BE54-9A1E7A4F7556}") = "Axis.Jupiter.Tests", "Axis.Jupiter.Tests\Axis.Jupiter.Tests.csproj", "{ECEBD6F0-8F03-49D3-BB3F-9F662662BD5C}"
EndProject
Project("{2150E333-8FDC-42A3-9474-1A3956D46DE8}") = "Jupiter", "Jupiter", "{F97A7DBD-1F98-4724-9DD2-A69FF06128BA}"
EndProject
Project("{2150E333-8FDC-42A3-9474-1A3956D46DE8}") = "Jupiter.Callisto", "Jupiter.Callisto", "{DA6BF0CB-FCD8-487A-959B-B9D061731577}"
EndProject
Project("{2150E333-8FDC-42A3-9474-1A3956D46DE8}") = "Jupiter.Europa", "Jupiter.Europa", "{9DED21E8-66BE-41CA-8616-55251EFCD05C}"
EndProject
Project("{2150E333-8FDC-42A3-9474-1A3956D46DE8}") = "Jupiter.IO", "Jupiter.IO", "{06A48467-787B-4CB4-9169-850D9BBACE68}"
EndProject
Project("{2150E333-8FDC-42A3-9474-1A3956D46DE8}") = "Jupiter.Elara", "Jupiter.Elara", "{D2D33F9E-3047-40E0-9746-F71700AF04A6}"
EndProject
Project("{2150E333-8FDC-42A3-9474-1A3956D46DE8}") = "Jupiter.Thebe", "Jupiter.Thebe", "{D55AEF4C-46C6-40D7-8E43-B81D01B53431}"
EndProject
Project("{9A19103F-16F7-4668-BE54-9A1E7A4F7556}") = "Axis.Jupiter.CassandraDB.Tests", "Axis.Jupiter.CassandraDB.Tests\Axis.Jupiter.CassandraDB.Tests.csproj", "{62DC1FB2-BD2D-46AE-AE40-3EAB06E1B2F5}"
EndProject
Project("{9A19103F-16F7-4668-BE54-9A1E7A4F7556}") = "Axis.Jupiter.EFCore", "Axis.Jupiter.EFCore\Axis.Jupiter.EFCore.csproj", "{5E6DA803-04D1-48BB-9B1D-B8DD2A2F9500}"
EndProject
Project("{9A19103F-16F7-4668-BE54-9A1E7A4F7556}") = "Axis.Jupiter.EFCore.Console", "Axis.Jupiter.EFCore.Console\Axis.Jupiter.EFCore.Console.csproj", "{E93AD531-551B-496B-9C35-D6F786B4F69E}"
EndProject
Project("{9A19103F-16F7-4668-BE54-9A1E7A4F7556}") = "Axis.Jupiter.EFCore.Tests", "Axis.Jupiter.EFCore.Tests\Axis.Jupiter.EFCore.Tests.csproj", "{F43E80C2-4A51-49D6-B7FF-8225D2339347}"
EndProject
Project("{9A19103F-16F7-4668-BE54-9A1E7A4F7556}") = "Axis.Jupiter.Neo4J", "Axis.Jupiter.Neo4J\Axis.Jupiter.Neo4J.csproj", "{1631FD74-5274-4637-A95B-B53B7BA777F4}"
EndProject
Project("{9A19103F-16F7-4668-BE54-9A1E7A4F7556}") = "Axis.Jupiter.New4J.Tests", "Axis.Jupiter.New4J.Tests\Axis.Jupiter.New4J.Tests.csproj", "{8A496BC1-EB94-4645-AB78-01DCC6CB614A}"
EndProject
Project("{9A19103F-16F7-4668-BE54-9A1E7A4F7556}") = "Axis.Jupiter.CouchDb", "Axis.Jupiter.CouchDb\Axis.Jupiter.CouchDb.csproj", "{A19D303E-02AB-4E57-8D1B-C48550A9E123}"
EndProject
Project("{9A19103F-16F7-4668-BE54-9A1E7A4F7556}") = "Axis.Jupiter.CouchDb.Tests", "Axis.Jupiter.CouchDb.Tests\Axis.Jupiter.CouchDb.Tests.csproj", "{DDE668B8-74FC-41A4-BDC2-0414A0B63225}"
EndProject
Project("{2150E333-8FDC-42A3-9474-1A3956D46DE8}") = ".Solution Items", ".Solution Items", "{BAF5FFAC-DE15-4593-B02A-E7F0159505A6}"
EndProject
Project("{9A19103F-16F7-4668-BE54-9A1E7A4F7556}") = "Axis.Jupiter.MongoDb", "Axis.Jupiter.Mongo\Axis.Jupiter.MongoDb.csproj", "{8B06D984-AC83-4AB7-8E04-8826F11D6D61}"
EndProject
Project("{9A19103F-16F7-4668-BE54-9A1E7A4F7556}") = "Axis.Jupiter.MongoDb.Console", "Axis.Jupiter.MongoDb.Console\Axis.Jupiter.MongoDb.Console.csproj", "{B2AF4EC9-EF46-40A0-88F8-D53ECE5C56B1}"
EndProject
Project("{9A19103F-16F7-4668-BE54-9A1E7A4F7556}") = "Axis.Jupiter.MongoDb.Tests", "Axis.Jupiter.Mongo.Tests\Axis.Jupiter.MongoDb.Tests.csproj", "{65188F16-2D67-4AA0-ABD6-D3EA3689A9AE}"
EndProject
Global
	GlobalSection(SolutionConfigurationPlatforms) = preSolution
		Debug|Any CPU = Debug|Any CPU
		Release|Any CPU = Release|Any CPU
	EndGlobalSection
	GlobalSection(ProjectConfigurationPlatforms) = postSolution
		{3B345FD5-6046-45D1-9280-28DA01D6EC4D}.Debug|Any CPU.ActiveCfg = Debug|Any CPU
		{3B345FD5-6046-45D1-9280-28DA01D6EC4D}.Debug|Any CPU.Build.0 = Debug|Any CPU
		{3B345FD5-6046-45D1-9280-28DA01D6EC4D}.Release|Any CPU.ActiveCfg = Release|Any CPU
		{3B345FD5-6046-45D1-9280-28DA01D6EC4D}.Release|Any CPU.Build.0 = Release|Any CPU
		{CE5FB092-5C81-4A66-A0D8-E05B52EB91F5}.Debug|Any CPU.ActiveCfg = Debug|Any CPU
		{CE5FB092-5C81-4A66-A0D8-E05B52EB91F5}.Debug|Any CPU.Build.0 = Debug|Any CPU
		{CE5FB092-5C81-4A66-A0D8-E05B52EB91F5}.Release|Any CPU.ActiveCfg = Release|Any CPU
		{CE5FB092-5C81-4A66-A0D8-E05B52EB91F5}.Release|Any CPU.Build.0 = Release|Any CPU
		{ECEBD6F0-8F03-49D3-BB3F-9F662662BD5C}.Debug|Any CPU.ActiveCfg = Debug|Any CPU
		{ECEBD6F0-8F03-49D3-BB3F-9F662662BD5C}.Debug|Any CPU.Build.0 = Debug|Any CPU
		{ECEBD6F0-8F03-49D3-BB3F-9F662662BD5C}.Release|Any CPU.ActiveCfg = Release|Any CPU
		{ECEBD6F0-8F03-49D3-BB3F-9F662662BD5C}.Release|Any CPU.Build.0 = Release|Any CPU
		{62DC1FB2-BD2D-46AE-AE40-3EAB06E1B2F5}.Debug|Any CPU.ActiveCfg = Debug|Any CPU
		{62DC1FB2-BD2D-46AE-AE40-3EAB06E1B2F5}.Debug|Any CPU.Build.0 = Debug|Any CPU
		{62DC1FB2-BD2D-46AE-AE40-3EAB06E1B2F5}.Release|Any CPU.ActiveCfg = Release|Any CPU
		{62DC1FB2-BD2D-46AE-AE40-3EAB06E1B2F5}.Release|Any CPU.Build.0 = Release|Any CPU
		{5E6DA803-04D1-48BB-9B1D-B8DD2A2F9500}.Debug|Any CPU.ActiveCfg = Debug|Any CPU
		{5E6DA803-04D1-48BB-9B1D-B8DD2A2F9500}.Debug|Any CPU.Build.0 = Debug|Any CPU
		{5E6DA803-04D1-48BB-9B1D-B8DD2A2F9500}.Release|Any CPU.ActiveCfg = Release|Any CPU
		{5E6DA803-04D1-48BB-9B1D-B8DD2A2F9500}.Release|Any CPU.Build.0 = Release|Any CPU
		{E93AD531-551B-496B-9C35-D6F786B4F69E}.Debug|Any CPU.ActiveCfg = Debug|Any CPU
		{E93AD531-551B-496B-9C35-D6F786B4F69E}.Debug|Any CPU.Build.0 = Debug|Any CPU
		{E93AD531-551B-496B-9C35-D6F786B4F69E}.Release|Any CPU.ActiveCfg = Release|Any CPU
		{E93AD531-551B-496B-9C35-D6F786B4F69E}.Release|Any CPU.Build.0 = Release|Any CPU
		{F43E80C2-4A51-49D6-B7FF-8225D2339347}.Debug|Any CPU.ActiveCfg = Debug|Any CPU
		{F43E80C2-4A51-49D6-B7FF-8225D2339347}.Debug|Any CPU.Build.0 = Debug|Any CPU
		{F43E80C2-4A51-49D6-B7FF-8225D2339347}.Release|Any CPU.ActiveCfg = Release|Any CPU
		{F43E80C2-4A51-49D6-B7FF-8225D2339347}.Release|Any CPU.Build.0 = Release|Any CPU
		{1631FD74-5274-4637-A95B-B53B7BA777F4}.Debug|Any CPU.ActiveCfg = Debug|Any CPU
		{1631FD74-5274-4637-A95B-B53B7BA777F4}.Debug|Any CPU.Build.0 = Debug|Any CPU
		{1631FD74-5274-4637-A95B-B53B7BA777F4}.Release|Any CPU.ActiveCfg = Release|Any CPU
		{1631FD74-5274-4637-A95B-B53B7BA777F4}.Release|Any CPU.Build.0 = Release|Any CPU
		{8A496BC1-EB94-4645-AB78-01DCC6CB614A}.Debug|Any CPU.ActiveCfg = Debug|Any CPU
		{8A496BC1-EB94-4645-AB78-01DCC6CB614A}.Debug|Any CPU.Build.0 = Debug|Any CPU
		{8A496BC1-EB94-4645-AB78-01DCC6CB614A}.Release|Any CPU.ActiveCfg = Release|Any CPU
		{8A496BC1-EB94-4645-AB78-01DCC6CB614A}.Release|Any CPU.Build.0 = Release|Any CPU
		{A19D303E-02AB-4E57-8D1B-C48550A9E123}.Debug|Any CPU.ActiveCfg = Debug|Any CPU
		{A19D303E-02AB-4E57-8D1B-C48550A9E123}.Debug|Any CPU.Build.0 = Debug|Any CPU
		{A19D303E-02AB-4E57-8D1B-C48550A9E123}.Release|Any CPU.ActiveCfg = Release|Any CPU
		{A19D303E-02AB-4E57-8D1B-C48550A9E123}.Release|Any CPU.Build.0 = Release|Any CPU
		{DDE668B8-74FC-41A4-BDC2-0414A0B63225}.Debug|Any CPU.ActiveCfg = Debug|Any CPU
		{DDE668B8-74FC-41A4-BDC2-0414A0B63225}.Debug|Any CPU.Build.0 = Debug|Any CPU
		{DDE668B8-74FC-41A4-BDC2-0414A0B63225}.Release|Any CPU.ActiveCfg = Release|Any CPU
		{DDE668B8-74FC-41A4-BDC2-0414A0B63225}.Release|Any CPU.Build.0 = Release|Any CPU
		{8B06D984-AC83-4AB7-8E04-8826F11D6D61}.Debug|Any CPU.ActiveCfg = Debug|Any CPU
		{8B06D984-AC83-4AB7-8E04-8826F11D6D61}.Debug|Any CPU.Build.0 = Debug|Any CPU
		{8B06D984-AC83-4AB7-8E04-8826F11D6D61}.Release|Any CPU.ActiveCfg = Release|Any CPU
		{8B06D984-AC83-4AB7-8E04-8826F11D6D61}.Release|Any CPU.Build.0 = Release|Any CPU
		{B2AF4EC9-EF46-40A0-88F8-D53ECE5C56B1}.Debug|Any CPU.ActiveCfg = Debug|Any CPU
		{B2AF4EC9-EF46-40A0-88F8-D53ECE5C56B1}.Debug|Any CPU.Build.0 = Debug|Any CPU
		{B2AF4EC9-EF46-40A0-88F8-D53ECE5C56B1}.Release|Any CPU.ActiveCfg = Release|Any CPU
		{B2AF4EC9-EF46-40A0-88F8-D53ECE5C56B1}.Release|Any CPU.Build.0 = Release|Any CPU
		{65188F16-2D67-4AA0-ABD6-D3EA3689A9AE}.Debug|Any CPU.ActiveCfg = Debug|Any CPU
		{65188F16-2D67-4AA0-ABD6-D3EA3689A9AE}.Debug|Any CPU.Build.0 = Debug|Any CPU
		{65188F16-2D67-4AA0-ABD6-D3EA3689A9AE}.Release|Any CPU.ActiveCfg = Release|Any CPU
		{65188F16-2D67-4AA0-ABD6-D3EA3689A9AE}.Release|Any CPU.Build.0 = Release|Any CPU
	EndGlobalSection
	GlobalSection(SolutionProperties) = preSolution
		HideSolutionNode = FALSE
	EndGlobalSection
	GlobalSection(NestedProjects) = preSolution
		{3B345FD5-6046-45D1-9280-28DA01D6EC4D} = {F97A7DBD-1F98-4724-9DD2-A69FF06128BA}
		{CE5FB092-5C81-4A66-A0D8-E05B52EB91F5} = {DA6BF0CB-FCD8-487A-959B-B9D061731577}
		{ECEBD6F0-8F03-49D3-BB3F-9F662662BD5C} = {F97A7DBD-1F98-4724-9DD2-A69FF06128BA}
		{62DC1FB2-BD2D-46AE-AE40-3EAB06E1B2F5} = {DA6BF0CB-FCD8-487A-959B-B9D061731577}
		{5E6DA803-04D1-48BB-9B1D-B8DD2A2F9500} = {9DED21E8-66BE-41CA-8616-55251EFCD05C}
		{E93AD531-551B-496B-9C35-D6F786B4F69E} = {9DED21E8-66BE-41CA-8616-55251EFCD05C}
		{F43E80C2-4A51-49D6-B7FF-8225D2339347} = {9DED21E8-66BE-41CA-8616-55251EFCD05C}
		{1631FD74-5274-4637-A95B-B53B7BA777F4} = {06A48467-787B-4CB4-9169-850D9BBACE68}
		{8A496BC1-EB94-4645-AB78-01DCC6CB614A} = {06A48467-787B-4CB4-9169-850D9BBACE68}
		{A19D303E-02AB-4E57-8D1B-C48550A9E123} = {D55AEF4C-46C6-40D7-8E43-B81D01B53431}
		{DDE668B8-74FC-41A4-BDC2-0414A0B63225} = {D55AEF4C-46C6-40D7-8E43-B81D01B53431}
		{8B06D984-AC83-4AB7-8E04-8826F11D6D61} = {D2D33F9E-3047-40E0-9746-F71700AF04A6}
		{B2AF4EC9-EF46-40A0-88F8-D53ECE5C56B1} = {D2D33F9E-3047-40E0-9746-F71700AF04A6}
		{65188F16-2D67-4AA0-ABD6-D3EA3689A9AE} = {D2D33F9E-3047-40E0-9746-F71700AF04A6}
	EndGlobalSection
	GlobalSection(ExtensibilityGlobals) = postSolution
		SolutionGuid = {B5529E30-225A-466C-AB9D-80AFA4B79D34}
	EndGlobalSection
EndGlobal
